// !$*UTF8*$!
{
	archiveVersion = 1;
	classes = {
	};
	objectVersion = 55;
	objects = {

/* Begin PBXBuildFile section */
		DC6548242869347900F29639 /* AppDelegate.swift in Sources */ = {isa = PBXBuildFile; fileRef = DC6548232869347900F29639 /* AppDelegate.swift */; };
		DC65482D2869347B00F29639 /* Assets.xcassets in Resources */ = {isa = PBXBuildFile; fileRef = DC65482C2869347B00F29639 /* Assets.xcassets */; };
		DC6548302869347B00F29639 /* LaunchScreen.storyboard in Resources */ = {isa = PBXBuildFile; fileRef = DC65482E2869347B00F29639 /* LaunchScreen.storyboard */; };
		DC6548452869347B00F29639 /* PokeAPIChallengeUITests.swift in Sources */ = {isa = PBXBuildFile; fileRef = DC6548442869347B00F29639 /* PokeAPIChallengeUITests.swift */; };
		DC6548472869347B00F29639 /* PokeAPIChallengeUITestsLaunchTests.swift in Sources */ = {isa = PBXBuildFile; fileRef = DC6548462869347B00F29639 /* PokeAPIChallengeUITestsLaunchTests.swift */; };
		DC654861286936BF00F29639 /* MainSceneCoordinator.swift in Sources */ = {isa = PBXBuildFile; fileRef = DC65485D286936BF00F29639 /* MainSceneCoordinator.swift */; };
		DC654862286936BF00F29639 /* MainSceneFactory.swift in Sources */ = {isa = PBXBuildFile; fileRef = DC65485E286936BF00F29639 /* MainSceneFactory.swift */; };
		DC654863286936BF00F29639 /* MainSceneViewController.swift in Sources */ = {isa = PBXBuildFile; fileRef = DC65485F286936BF00F29639 /* MainSceneViewController.swift */; };
		DC654864286936BF00F29639 /* MainSceneViewModel.swift in Sources */ = {isa = PBXBuildFile; fileRef = DC654860286936BF00F29639 /* MainSceneViewModel.swift */; };
		DC6548672869380C00F29639 /* ViewControllerViewCode.swift in Sources */ = {isa = PBXBuildFile; fileRef = DC6548662869380C00F29639 /* ViewControllerViewCode.swift */; };
		DC65486B2869E3DA00F29639 /* MainSceneEndpoint.swift in Sources */ = {isa = PBXBuildFile; fileRef = DC65486A2869E3DA00F29639 /* MainSceneEndpoint.swift */; };
		DC65486E2869E44A00F29639 /* EndpointContract.swift in Sources */ = {isa = PBXBuildFile; fileRef = DC65486D2869E44A00F29639 /* EndpointContract.swift */; };
		DC6548742869E5BD00F29639 /* HTTPMethod.swift in Sources */ = {isa = PBXBuildFile; fileRef = DC6548732869E5BD00F29639 /* HTTPMethod.swift */; };
		DC6548762869E7E900F29639 /* RequesterContract.swift in Sources */ = {isa = PBXBuildFile; fileRef = DC6548752869E7E900F29639 /* RequesterContract.swift */; };
		DC65487A2869E96800F29639 /* ApiContract.swift in Sources */ = {isa = PBXBuildFile; fileRef = DC6548792869E96800F29639 /* ApiContract.swift */; };
		DC65487C2869EB1500F29639 /* Requester.swift in Sources */ = {isa = PBXBuildFile; fileRef = DC65487B2869EB1500F29639 /* Requester.swift */; };
		DC6548802869ECC600F29639 /* URLFactory.swift in Sources */ = {isa = PBXBuildFile; fileRef = DC65487F2869ECC600F29639 /* URLFactory.swift */; };
		DC6548822869F23A00F29639 /* RequesterError.swift in Sources */ = {isa = PBXBuildFile; fileRef = DC6548812869F23A00F29639 /* RequesterError.swift */; };
		DC6548892869F3AE00F29639 /* PokeApi.swift in Sources */ = {isa = PBXBuildFile; fileRef = DC6548882869F3AE00F29639 /* PokeApi.swift */; };
		DC65488B2869F7D700F29639 /* PokemonResponse.swift in Sources */ = {isa = PBXBuildFile; fileRef = DC65488A2869F7D700F29639 /* PokemonResponse.swift */; };
		DC65488F286A31AB00F29639 /* MainSceneViewModelTests.swift in Sources */ = {isa = PBXBuildFile; fileRef = DC65488E286A31AB00F29639 /* MainSceneViewModelTests.swift */; };
		DC654891286A321900F29639 /* ParserContract.swift in Sources */ = {isa = PBXBuildFile; fileRef = DC654890286A321900F29639 /* ParserContract.swift */; };
		DC654897286A3B6800F29639 /* DetailsSceneCoordinator.swift in Sources */ = {isa = PBXBuildFile; fileRef = DC654893286A3B6800F29639 /* DetailsSceneCoordinator.swift */; };
		DC654898286A3B6800F29639 /* DetailsSceneFactory.swift in Sources */ = {isa = PBXBuildFile; fileRef = DC654894286A3B6800F29639 /* DetailsSceneFactory.swift */; };
		DC654899286A3B6800F29639 /* DetailsSceneViewController.swift in Sources */ = {isa = PBXBuildFile; fileRef = DC654895286A3B6800F29639 /* DetailsSceneViewController.swift */; };
		DC65489A286A3B6800F29639 /* DetailsSceneViewModel.swift in Sources */ = {isa = PBXBuildFile; fileRef = DC654896286A3B6800F29639 /* DetailsSceneViewModel.swift */; };
		DC65489F286D0F9900F29639 /* PokemonDetails.swift in Sources */ = {isa = PBXBuildFile; fileRef = DC65489E286D0F9900F29639 /* PokemonDetails.swift */; };
		DC6548A1286D100D00F29639 /* Parser.swift in Sources */ = {isa = PBXBuildFile; fileRef = DC6548A0286D100D00F29639 /* Parser.swift */; };
		DC6548A3286D14E200F29639 /* PokemonSprites.swift in Sources */ = {isa = PBXBuildFile; fileRef = DC6548A2286D14E200F29639 /* PokemonSprites.swift */; };
/* End PBXBuildFile section */

/* Begin PBXContainerItemProxy section */
		DC6548372869347B00F29639 /* PBXContainerItemProxy */ = {
			isa = PBXContainerItemProxy;
			containerPortal = DC6548182869347900F29639 /* Project object */;
			proxyType = 1;
			remoteGlobalIDString = DC65481F2869347900F29639;
			remoteInfo = PokeAPIChallenge;
		};
		DC6548412869347B00F29639 /* PBXContainerItemProxy */ = {
			isa = PBXContainerItemProxy;
			containerPortal = DC6548182869347900F29639 /* Project object */;
			proxyType = 1;
			remoteGlobalIDString = DC65481F2869347900F29639;
			remoteInfo = PokeAPIChallenge;
		};
/* End PBXContainerItemProxy section */

/* Begin PBXFileReference section */
		DC6548202869347900F29639 /* PokeAPIChallenge.app */ = {isa = PBXFileReference; explicitFileType = wrapper.application; includeInIndex = 0; path = PokeAPIChallenge.app; sourceTree = BUILT_PRODUCTS_DIR; };
		DC6548232869347900F29639 /* AppDelegate.swift */ = {isa = PBXFileReference; lastKnownFileType = sourcecode.swift; path = AppDelegate.swift; sourceTree = "<group>"; };
		DC65482C2869347B00F29639 /* Assets.xcassets */ = {isa = PBXFileReference; lastKnownFileType = folder.assetcatalog; path = Assets.xcassets; sourceTree = "<group>"; };
		DC65482F2869347B00F29639 /* Base */ = {isa = PBXFileReference; lastKnownFileType = file.storyboard; name = Base; path = Base.lproj/LaunchScreen.storyboard; sourceTree = "<group>"; };
		DC6548312869347B00F29639 /* Info.plist */ = {isa = PBXFileReference; lastKnownFileType = text.plist.xml; path = Info.plist; sourceTree = "<group>"; };
		DC6548362869347B00F29639 /* PokeAPIChallengeTests.xctest */ = {isa = PBXFileReference; explicitFileType = wrapper.cfbundle; includeInIndex = 0; path = PokeAPIChallengeTests.xctest; sourceTree = BUILT_PRODUCTS_DIR; };
		DC6548402869347B00F29639 /* PokeAPIChallengeUITests.xctest */ = {isa = PBXFileReference; explicitFileType = wrapper.cfbundle; includeInIndex = 0; path = PokeAPIChallengeUITests.xctest; sourceTree = BUILT_PRODUCTS_DIR; };
		DC6548442869347B00F29639 /* PokeAPIChallengeUITests.swift */ = {isa = PBXFileReference; lastKnownFileType = sourcecode.swift; path = PokeAPIChallengeUITests.swift; sourceTree = "<group>"; };
		DC6548462869347B00F29639 /* PokeAPIChallengeUITestsLaunchTests.swift */ = {isa = PBXFileReference; lastKnownFileType = sourcecode.swift; path = PokeAPIChallengeUITestsLaunchTests.swift; sourceTree = "<group>"; };
		DC65485D286936BF00F29639 /* MainSceneCoordinator.swift */ = {isa = PBXFileReference; lastKnownFileType = sourcecode.swift; path = MainSceneCoordinator.swift; sourceTree = "<group>"; };
		DC65485E286936BF00F29639 /* MainSceneFactory.swift */ = {isa = PBXFileReference; lastKnownFileType = sourcecode.swift; path = MainSceneFactory.swift; sourceTree = "<group>"; };
		DC65485F286936BF00F29639 /* MainSceneViewController.swift */ = {isa = PBXFileReference; lastKnownFileType = sourcecode.swift; path = MainSceneViewController.swift; sourceTree = "<group>"; };
		DC654860286936BF00F29639 /* MainSceneViewModel.swift */ = {isa = PBXFileReference; lastKnownFileType = sourcecode.swift; path = MainSceneViewModel.swift; sourceTree = "<group>"; };
		DC6548662869380C00F29639 /* ViewControllerViewCode.swift */ = {isa = PBXFileReference; lastKnownFileType = sourcecode.swift; path = ViewControllerViewCode.swift; sourceTree = "<group>"; };
		DC65486A2869E3DA00F29639 /* MainSceneEndpoint.swift */ = {isa = PBXFileReference; lastKnownFileType = sourcecode.swift; path = MainSceneEndpoint.swift; sourceTree = "<group>"; };
		DC65486D2869E44A00F29639 /* EndpointContract.swift */ = {isa = PBXFileReference; lastKnownFileType = sourcecode.swift; path = EndpointContract.swift; sourceTree = "<group>"; };
		DC6548732869E5BD00F29639 /* HTTPMethod.swift */ = {isa = PBXFileReference; lastKnownFileType = sourcecode.swift; path = HTTPMethod.swift; sourceTree = "<group>"; };
		DC6548752869E7E900F29639 /* RequesterContract.swift */ = {isa = PBXFileReference; lastKnownFileType = sourcecode.swift; path = RequesterContract.swift; sourceTree = "<group>"; };
		DC6548792869E96800F29639 /* ApiContract.swift */ = {isa = PBXFileReference; lastKnownFileType = sourcecode.swift; path = ApiContract.swift; sourceTree = "<group>"; };
		DC65487B2869EB1500F29639 /* Requester.swift */ = {isa = PBXFileReference; lastKnownFileType = sourcecode.swift; path = Requester.swift; sourceTree = "<group>"; };
		DC65487F2869ECC600F29639 /* URLFactory.swift */ = {isa = PBXFileReference; lastKnownFileType = sourcecode.swift; path = URLFactory.swift; sourceTree = "<group>"; };
		DC6548812869F23A00F29639 /* RequesterError.swift */ = {isa = PBXFileReference; lastKnownFileType = sourcecode.swift; path = RequesterError.swift; sourceTree = "<group>"; };
		DC6548882869F3AE00F29639 /* PokeApi.swift */ = {isa = PBXFileReference; lastKnownFileType = sourcecode.swift; path = PokeApi.swift; sourceTree = "<group>"; };
		DC65488A2869F7D700F29639 /* PokemonResponse.swift */ = {isa = PBXFileReference; lastKnownFileType = sourcecode.swift; path = PokemonResponse.swift; sourceTree = "<group>"; };
		DC65488E286A31AB00F29639 /* MainSceneViewModelTests.swift */ = {isa = PBXFileReference; lastKnownFileType = sourcecode.swift; path = MainSceneViewModelTests.swift; sourceTree = "<group>"; };
		DC654890286A321900F29639 /* ParserContract.swift */ = {isa = PBXFileReference; lastKnownFileType = sourcecode.swift; path = ParserContract.swift; sourceTree = "<group>"; };
		DC654893286A3B6800F29639 /* DetailsSceneCoordinator.swift */ = {isa = PBXFileReference; lastKnownFileType = sourcecode.swift; path = DetailsSceneCoordinator.swift; sourceTree = "<group>"; };
		DC654894286A3B6800F29639 /* DetailsSceneFactory.swift */ = {isa = PBXFileReference; lastKnownFileType = sourcecode.swift; path = DetailsSceneFactory.swift; sourceTree = "<group>"; };
		DC654895286A3B6800F29639 /* DetailsSceneViewController.swift */ = {isa = PBXFileReference; lastKnownFileType = sourcecode.swift; path = DetailsSceneViewController.swift; sourceTree = "<group>"; };
		DC654896286A3B6800F29639 /* DetailsSceneViewModel.swift */ = {isa = PBXFileReference; lastKnownFileType = sourcecode.swift; path = DetailsSceneViewModel.swift; sourceTree = "<group>"; };
		DC65489E286D0F9900F29639 /* PokemonDetails.swift */ = {isa = PBXFileReference; lastKnownFileType = sourcecode.swift; path = PokemonDetails.swift; sourceTree = "<group>"; };
		DC6548A0286D100D00F29639 /* Parser.swift */ = {isa = PBXFileReference; lastKnownFileType = sourcecode.swift; path = Parser.swift; sourceTree = "<group>"; };
		DC6548A2286D14E200F29639 /* PokemonSprites.swift */ = {isa = PBXFileReference; lastKnownFileType = sourcecode.swift; path = PokemonSprites.swift; sourceTree = "<group>"; };
/* End PBXFileReference section */

/* Begin PBXFrameworksBuildPhase section */
		DC65481D2869347900F29639 /* Frameworks */ = {
			isa = PBXFrameworksBuildPhase;
			buildActionMask = 2147483647;
			files = (
			);
			runOnlyForDeploymentPostprocessing = 0;
		};
		DC6548332869347B00F29639 /* Frameworks */ = {
			isa = PBXFrameworksBuildPhase;
			buildActionMask = 2147483647;
			files = (
			);
			runOnlyForDeploymentPostprocessing = 0;
		};
		DC65483D2869347B00F29639 /* Frameworks */ = {
			isa = PBXFrameworksBuildPhase;
			buildActionMask = 2147483647;
			files = (
			);
			runOnlyForDeploymentPostprocessing = 0;
		};
/* End PBXFrameworksBuildPhase section */

/* Begin PBXGroup section */
		DC6548172869347900F29639 = {
			isa = PBXGroup;
			children = (
				DC6548222869347900F29639 /* PokeAPIChallenge */,
				DC6548392869347B00F29639 /* PokeAPIChallengeTests */,
				DC6548432869347B00F29639 /* PokeAPIChallengeUITests */,
				DC6548212869347900F29639 /* Products */,
			);
			sourceTree = "<group>";
		};
		DC6548212869347900F29639 /* Products */ = {
			isa = PBXGroup;
			children = (
				DC6548202869347900F29639 /* PokeAPIChallenge.app */,
				DC6548362869347B00F29639 /* PokeAPIChallengeTests.xctest */,
				DC6548402869347B00F29639 /* PokeAPIChallengeUITests.xctest */,
			);
			name = Products;
			sourceTree = "<group>";
		};
		DC6548222869347900F29639 /* PokeAPIChallenge */ = {
			isa = PBXGroup;
			children = (
				DC6548682869E20800F29639 /* Network */,
				DC654865286937E600F29639 /* UIExtensions */,
				DC65485C286936A500F29639 /* Scenes */,
				DC6548232869347900F29639 /* AppDelegate.swift */,
				DC65482C2869347B00F29639 /* Assets.xcassets */,
				DC65482E2869347B00F29639 /* LaunchScreen.storyboard */,
				DC6548312869347B00F29639 /* Info.plist */,
			);
			path = PokeAPIChallenge;
			sourceTree = "<group>";
		};
		DC6548392869347B00F29639 /* PokeAPIChallengeTests */ = {
			isa = PBXGroup;
			children = (
				DC65488C286A318400F29639 /* Scenes */,
			);
			path = PokeAPIChallengeTests;
			sourceTree = "<group>";
		};
		DC6548432869347B00F29639 /* PokeAPIChallengeUITests */ = {
			isa = PBXGroup;
			children = (
				DC6548442869347B00F29639 /* PokeAPIChallengeUITests.swift */,
				DC6548462869347B00F29639 /* PokeAPIChallengeUITestsLaunchTests.swift */,
			);
			path = PokeAPIChallengeUITests;
			sourceTree = "<group>";
		};
		DC65485C286936A500F29639 /* Scenes */ = {
			isa = PBXGroup;
			children = (
				DC6548832869F34B00F29639 /* MainScene */,
				DC654892286A3B4E00F29639 /* DetailsScene */,
			);
			path = Scenes;
			sourceTree = "<group>";
		};
		DC654865286937E600F29639 /* UIExtensions */ = {
			isa = PBXGroup;
			children = (
				DC6548662869380C00F29639 /* ViewControllerViewCode.swift */,
			);
			path = UIExtensions;
			sourceTree = "<group>";
		};
		DC6548682869E20800F29639 /* Network */ = {
			isa = PBXGroup;
			children = (
				DC6548872869F3A100F29639 /* PokeApi */,
				DC6548722869E5B000F29639 /* Utilities */,
				DC65486C2869E43B00F29639 /* Contracts */,
			);
			path = Network;
			sourceTree = "<group>";
		};
		DC65486C2869E43B00F29639 /* Contracts */ = {
			isa = PBXGroup;
			children = (
				DC65486D2869E44A00F29639 /* EndpointContract.swift */,
				DC6548752869E7E900F29639 /* RequesterContract.swift */,
				DC6548792869E96800F29639 /* ApiContract.swift */,
				DC654890286A321900F29639 /* ParserContract.swift */,
			);
			path = Contracts;
			sourceTree = "<group>";
		};
		DC6548722869E5B000F29639 /* Utilities */ = {
			isa = PBXGroup;
			children = (
				DC6548732869E5BD00F29639 /* HTTPMethod.swift */,
				DC65487B2869EB1500F29639 /* Requester.swift */,
				DC65487F2869ECC600F29639 /* URLFactory.swift */,
				DC6548812869F23A00F29639 /* RequesterError.swift */,
				DC6548A0286D100D00F29639 /* Parser.swift */,
			);
			path = Utilities;
			sourceTree = "<group>";
		};
		DC6548832869F34B00F29639 /* MainScene */ = {
			isa = PBXGroup;
			children = (
				DC6548A4286D31BF00F29639 /* Model */,
				DC6548842869F35C00F29639 /* Endpoint */,
				DC654860286936BF00F29639 /* MainSceneViewModel.swift */,
				DC65485F286936BF00F29639 /* MainSceneViewController.swift */,
				DC65485E286936BF00F29639 /* MainSceneFactory.swift */,
				DC65485D286936BF00F29639 /* MainSceneCoordinator.swift */,
			);
			path = MainScene;
			sourceTree = "<group>";
		};
		DC6548842869F35C00F29639 /* Endpoint */ = {
			isa = PBXGroup;
			children = (
				DC65486A2869E3DA00F29639 /* MainSceneEndpoint.swift */,
			);
			path = Endpoint;
			sourceTree = "<group>";
		};
		DC6548872869F3A100F29639 /* PokeApi */ = {
			isa = PBXGroup;
			children = (
				DC6548882869F3AE00F29639 /* PokeApi.swift */,
			);
			path = PokeApi;
			sourceTree = "<group>";
		};
		DC65488C286A318400F29639 /* Scenes */ = {
			isa = PBXGroup;
			children = (
				DC65488D286A318D00F29639 /* MainScene */,
			);
			path = Scenes;
			sourceTree = "<group>";
		};
		DC65488D286A318D00F29639 /* MainScene */ = {
			isa = PBXGroup;
			children = (
				DC65488E286A31AB00F29639 /* MainSceneViewModelTests.swift */,
			);
			path = MainScene;
			sourceTree = "<group>";
		};
		DC654892286A3B4E00F29639 /* DetailsScene */ = {
			isa = PBXGroup;
			children = (
				DC65489B286D0F1100F29639 /* Model */,
				DC654893286A3B6800F29639 /* DetailsSceneCoordinator.swift */,
				DC654894286A3B6800F29639 /* DetailsSceneFactory.swift */,
				DC654895286A3B6800F29639 /* DetailsSceneViewController.swift */,
				DC654896286A3B6800F29639 /* DetailsSceneViewModel.swift */,
			);
			path = DetailsScene;
			sourceTree = "<group>";
		};
		DC65489B286D0F1100F29639 /* Model */ = {
			isa = PBXGroup;
			children = (
				DC65489E286D0F9900F29639 /* PokemonDetails.swift */,
				DC6548A2286D14E200F29639 /* PokemonSprites.swift */,
			);
			path = Model;
			sourceTree = "<group>";
		};
		DC6548A4286D31BF00F29639 /* Model */ = {
			isa = PBXGroup;
			children = (
				DC65488A2869F7D700F29639 /* PokemonResponse.swift */,
			);
			path = Model;
			sourceTree = "<group>";
		};
/* End PBXGroup section */

/* Begin PBXNativeTarget section */
		DC65481F2869347900F29639 /* PokeAPIChallenge */ = {
			isa = PBXNativeTarget;
			buildConfigurationList = DC65484A2869347B00F29639 /* Build configuration list for PBXNativeTarget "PokeAPIChallenge" */;
			buildPhases = (
				DC65481C2869347900F29639 /* Sources */,
				DC65481D2869347900F29639 /* Frameworks */,
				DC65481E2869347900F29639 /* Resources */,
			);
			buildRules = (
			);
			dependencies = (
			);
			name = PokeAPIChallenge;
			productName = PokeAPIChallenge;
			productReference = DC6548202869347900F29639 /* PokeAPIChallenge.app */;
			productType = "com.apple.product-type.application";
		};
		DC6548352869347B00F29639 /* PokeAPIChallengeTests */ = {
			isa = PBXNativeTarget;
			buildConfigurationList = DC65484D2869347B00F29639 /* Build configuration list for PBXNativeTarget "PokeAPIChallengeTests" */;
			buildPhases = (
				DC6548322869347B00F29639 /* Sources */,
				DC6548332869347B00F29639 /* Frameworks */,
				DC6548342869347B00F29639 /* Resources */,
			);
			buildRules = (
			);
			dependencies = (
				DC6548382869347B00F29639 /* PBXTargetDependency */,
			);
			name = PokeAPIChallengeTests;
			productName = PokeAPIChallengeTests;
			productReference = DC6548362869347B00F29639 /* PokeAPIChallengeTests.xctest */;
			productType = "com.apple.product-type.bundle.unit-test";
		};
		DC65483F2869347B00F29639 /* PokeAPIChallengeUITests */ = {
			isa = PBXNativeTarget;
			buildConfigurationList = DC6548502869347B00F29639 /* Build configuration list for PBXNativeTarget "PokeAPIChallengeUITests" */;
			buildPhases = (
				DC65483C2869347B00F29639 /* Sources */,
				DC65483D2869347B00F29639 /* Frameworks */,
				DC65483E2869347B00F29639 /* Resources */,
			);
			buildRules = (
			);
			dependencies = (
				DC6548422869347B00F29639 /* PBXTargetDependency */,
			);
			name = PokeAPIChallengeUITests;
			productName = PokeAPIChallengeUITests;
			productReference = DC6548402869347B00F29639 /* PokeAPIChallengeUITests.xctest */;
			productType = "com.apple.product-type.bundle.ui-testing";
		};
/* End PBXNativeTarget section */

/* Begin PBXProject section */
		DC6548182869347900F29639 /* Project object */ = {
			isa = PBXProject;
			attributes = {
				BuildIndependentTargetsInParallel = 1;
				LastSwiftUpdateCheck = 1320;
				LastUpgradeCheck = 1320;
				TargetAttributes = {
					DC65481F2869347900F29639 = {
						CreatedOnToolsVersion = 13.2.1;
					};
					DC6548352869347B00F29639 = {
						CreatedOnToolsVersion = 13.2.1;
						TestTargetID = DC65481F2869347900F29639;
					};
					DC65483F2869347B00F29639 = {
						CreatedOnToolsVersion = 13.2.1;
						TestTargetID = DC65481F2869347900F29639;
					};
				};
			};
			buildConfigurationList = DC65481B2869347900F29639 /* Build configuration list for PBXProject "PokeAPIChallenge" */;
			compatibilityVersion = "Xcode 13.0";
			developmentRegion = en;
			hasScannedForEncodings = 0;
			knownRegions = (
				en,
				Base,
			);
			mainGroup = DC6548172869347900F29639;
			productRefGroup = DC6548212869347900F29639 /* Products */;
			projectDirPath = "";
			projectRoot = "";
			targets = (
				DC65481F2869347900F29639 /* PokeAPIChallenge */,
				DC6548352869347B00F29639 /* PokeAPIChallengeTests */,
				DC65483F2869347B00F29639 /* PokeAPIChallengeUITests */,
			);
		};
/* End PBXProject section */

/* Begin PBXResourcesBuildPhase section */
		DC65481E2869347900F29639 /* Resources */ = {
			isa = PBXResourcesBuildPhase;
			buildActionMask = 2147483647;
			files = (
				DC6548302869347B00F29639 /* LaunchScreen.storyboard in Resources */,
				DC65482D2869347B00F29639 /* Assets.xcassets in Resources */,
			);
			runOnlyForDeploymentPostprocessing = 0;
		};
		DC6548342869347B00F29639 /* Resources */ = {
			isa = PBXResourcesBuildPhase;
			buildActionMask = 2147483647;
			files = (
			);
			runOnlyForDeploymentPostprocessing = 0;
		};
		DC65483E2869347B00F29639 /* Resources */ = {
			isa = PBXResourcesBuildPhase;
			buildActionMask = 2147483647;
			files = (
			);
			runOnlyForDeploymentPostprocessing = 0;
		};
/* End PBXResourcesBuildPhase section */

/* Begin PBXSourcesBuildPhase section */
		DC65481C2869347900F29639 /* Sources */ = {
			isa = PBXSourcesBuildPhase;
			buildActionMask = 2147483647;
			files = (
				DC65489A286A3B6800F29639 /* DetailsSceneViewModel.swift in Sources */,
				DC65486E2869E44A00F29639 /* EndpointContract.swift in Sources */,
				DC6548A3286D14E200F29639 /* PokemonSprites.swift in Sources */,
				DC6548892869F3AE00F29639 /* PokeApi.swift in Sources */,
				DC654864286936BF00F29639 /* MainSceneViewModel.swift in Sources */,
				DC65487C2869EB1500F29639 /* Requester.swift in Sources */,
				DC65489F286D0F9900F29639 /* PokemonDetails.swift in Sources */,
				DC6548802869ECC600F29639 /* URLFactory.swift in Sources */,
				DC6548762869E7E900F29639 /* RequesterContract.swift in Sources */,
				DC654891286A321900F29639 /* ParserContract.swift in Sources */,
				DC654898286A3B6800F29639 /* DetailsSceneFactory.swift in Sources */,
				DC65487A2869E96800F29639 /* ApiContract.swift in Sources */,
				DC65488B2869F7D700F29639 /* PokemonResponse.swift in Sources */,
				DC654862286936BF00F29639 /* MainSceneFactory.swift in Sources */,
				DC6548822869F23A00F29639 /* RequesterError.swift in Sources */,
				DC654863286936BF00F29639 /* MainSceneViewController.swift in Sources */,
				DC654861286936BF00F29639 /* MainSceneCoordinator.swift in Sources */,
				DC654899286A3B6800F29639 /* DetailsSceneViewController.swift in Sources */,
				DC654897286A3B6800F29639 /* DetailsSceneCoordinator.swift in Sources */,
				DC6548742869E5BD00F29639 /* HTTPMethod.swift in Sources */,
				DC6548A1286D100D00F29639 /* Parser.swift in Sources */,
				DC6548672869380C00F29639 /* ViewControllerViewCode.swift in Sources */,
				DC65486B2869E3DA00F29639 /* MainSceneEndpoint.swift in Sources */,
				DC6548242869347900F29639 /* AppDelegate.swift in Sources */,
			);
			runOnlyForDeploymentPostprocessing = 0;
		};
		DC6548322869347B00F29639 /* Sources */ = {
			isa = PBXSourcesBuildPhase;
			buildActionMask = 2147483647;
			files = (
				DC65488F286A31AB00F29639 /* MainSceneViewModelTests.swift in Sources */,
			);
			runOnlyForDeploymentPostprocessing = 0;
		};
		DC65483C2869347B00F29639 /* Sources */ = {
			isa = PBXSourcesBuildPhase;
			buildActionMask = 2147483647;
			files = (
				DC6548472869347B00F29639 /* PokeAPIChallengeUITestsLaunchTests.swift in Sources */,
				DC6548452869347B00F29639 /* PokeAPIChallengeUITests.swift in Sources */,
			);
			runOnlyForDeploymentPostprocessing = 0;
		};
/* End PBXSourcesBuildPhase section */

/* Begin PBXTargetDependency section */
		DC6548382869347B00F29639 /* PBXTargetDependency */ = {
			isa = PBXTargetDependency;
			target = DC65481F2869347900F29639 /* PokeAPIChallenge */;
			targetProxy = DC6548372869347B00F29639 /* PBXContainerItemProxy */;
		};
		DC6548422869347B00F29639 /* PBXTargetDependency */ = {
			isa = PBXTargetDependency;
			target = DC65481F2869347900F29639 /* PokeAPIChallenge */;
			targetProxy = DC6548412869347B00F29639 /* PBXContainerItemProxy */;
		};
/* End PBXTargetDependency section */

/* Begin PBXVariantGroup section */
		DC65482E2869347B00F29639 /* LaunchScreen.storyboard */ = {
			isa = PBXVariantGroup;
			children = (
				DC65482F2869347B00F29639 /* Base */,
			);
			name = LaunchScreen.storyboard;
			sourceTree = "<group>";
		};
/* End PBXVariantGroup section */

/* Begin XCBuildConfiguration section */
		DC6548482869347B00F29639 /* Debug */ = {
			isa = XCBuildConfiguration;
			buildSettings = {
				ALWAYS_SEARCH_USER_PATHS = NO;
				CLANG_ANALYZER_NONNULL = YES;
				CLANG_ANALYZER_NUMBER_OBJECT_CONVERSION = YES_AGGRESSIVE;
				CLANG_CXX_LANGUAGE_STANDARD = "gnu++17";
				CLANG_CXX_LIBRARY = "libc++";
				CLANG_ENABLE_MODULES = YES;
				CLANG_ENABLE_OBJC_ARC = YES;
				CLANG_ENABLE_OBJC_WEAK = YES;
				CLANG_WARN_BLOCK_CAPTURE_AUTORELEASING = YES;
				CLANG_WARN_BOOL_CONVERSION = YES;
				CLANG_WARN_COMMA = YES;
				CLANG_WARN_CONSTANT_CONVERSION = YES;
				CLANG_WARN_DEPRECATED_OBJC_IMPLEMENTATIONS = YES;
				CLANG_WARN_DIRECT_OBJC_ISA_USAGE = YES_ERROR;
				CLANG_WARN_DOCUMENTATION_COMMENTS = YES;
				CLANG_WARN_EMPTY_BODY = YES;
				CLANG_WARN_ENUM_CONVERSION = YES;
				CLANG_WARN_INFINITE_RECURSION = YES;
				CLANG_WARN_INT_CONVERSION = YES;
				CLANG_WARN_NON_LITERAL_NULL_CONVERSION = YES;
				CLANG_WARN_OBJC_IMPLICIT_RETAIN_SELF = YES;
				CLANG_WARN_OBJC_LITERAL_CONVERSION = YES;
				CLANG_WARN_OBJC_ROOT_CLASS = YES_ERROR;
				CLANG_WARN_QUOTED_INCLUDE_IN_FRAMEWORK_HEADER = YES;
				CLANG_WARN_RANGE_LOOP_ANALYSIS = YES;
				CLANG_WARN_STRICT_PROTOTYPES = YES;
				CLANG_WARN_SUSPICIOUS_MOVE = YES;
				CLANG_WARN_UNGUARDED_AVAILABILITY = YES_AGGRESSIVE;
				CLANG_WARN_UNREACHABLE_CODE = YES;
				CLANG_WARN__DUPLICATE_METHOD_MATCH = YES;
				COPY_PHASE_STRIP = NO;
				DEBUG_INFORMATION_FORMAT = dwarf;
				ENABLE_STRICT_OBJC_MSGSEND = YES;
				ENABLE_TESTABILITY = YES;
				GCC_C_LANGUAGE_STANDARD = gnu11;
				GCC_DYNAMIC_NO_PIC = NO;
				GCC_NO_COMMON_BLOCKS = YES;
				GCC_OPTIMIZATION_LEVEL = 0;
				GCC_PREPROCESSOR_DEFINITIONS = (
					"DEBUG=1",
					"$(inherited)",
				);
				GCC_WARN_64_TO_32_BIT_CONVERSION = YES;
				GCC_WARN_ABOUT_RETURN_TYPE = YES_ERROR;
				GCC_WARN_UNDECLARED_SELECTOR = YES;
				GCC_WARN_UNINITIALIZED_AUTOS = YES_AGGRESSIVE;
				GCC_WARN_UNUSED_FUNCTION = YES;
				GCC_WARN_UNUSED_VARIABLE = YES;
				IPHONEOS_DEPLOYMENT_TARGET = 15.2;
				MTL_ENABLE_DEBUG_INFO = INCLUDE_SOURCE;
				MTL_FAST_MATH = YES;
				ONLY_ACTIVE_ARCH = YES;
				SDKROOT = iphoneos;
				SWIFT_ACTIVE_COMPILATION_CONDITIONS = DEBUG;
				SWIFT_OPTIMIZATION_LEVEL = "-Onone";
			};
			name = Debug;
		};
		DC6548492869347B00F29639 /* Release */ = {
			isa = XCBuildConfiguration;
			buildSettings = {
				ALWAYS_SEARCH_USER_PATHS = NO;
				CLANG_ANALYZER_NONNULL = YES;
				CLANG_ANALYZER_NUMBER_OBJECT_CONVERSION = YES_AGGRESSIVE;
				CLANG_CXX_LANGUAGE_STANDARD = "gnu++17";
				CLANG_CXX_LIBRARY = "libc++";
				CLANG_ENABLE_MODULES = YES;
				CLANG_ENABLE_OBJC_ARC = YES;
				CLANG_ENABLE_OBJC_WEAK = YES;
				CLANG_WARN_BLOCK_CAPTURE_AUTORELEASING = YES;
				CLANG_WARN_BOOL_CONVERSION = YES;
				CLANG_WARN_COMMA = YES;
				CLANG_WARN_CONSTANT_CONVERSION = YES;
				CLANG_WARN_DEPRECATED_OBJC_IMPLEMENTATIONS = YES;
				CLANG_WARN_DIRECT_OBJC_ISA_USAGE = YES_ERROR;
				CLANG_WARN_DOCUMENTATION_COMMENTS = YES;
				CLANG_WARN_EMPTY_BODY = YES;
				CLANG_WARN_ENUM_CONVERSION = YES;
				CLANG_WARN_INFINITE_RECURSION = YES;
				CLANG_WARN_INT_CONVERSION = YES;
				CLANG_WARN_NON_LITERAL_NULL_CONVERSION = YES;
				CLANG_WARN_OBJC_IMPLICIT_RETAIN_SELF = YES;
				CLANG_WARN_OBJC_LITERAL_CONVERSION = YES;
				CLANG_WARN_OBJC_ROOT_CLASS = YES_ERROR;
				CLANG_WARN_QUOTED_INCLUDE_IN_FRAMEWORK_HEADER = YES;
				CLANG_WARN_RANGE_LOOP_ANALYSIS = YES;
				CLANG_WARN_STRICT_PROTOTYPES = YES;
				CLANG_WARN_SUSPICIOUS_MOVE = YES;
				CLANG_WARN_UNGUARDED_AVAILABILITY = YES_AGGRESSIVE;
				CLANG_WARN_UNREACHABLE_CODE = YES;
				CLANG_WARN__DUPLICATE_METHOD_MATCH = YES;
				COPY_PHASE_STRIP = NO;
				DEBUG_INFORMATION_FORMAT = "dwarf-with-dsym";
				ENABLE_NS_ASSERTIONS = NO;
				ENABLE_STRICT_OBJC_MSGSEND = YES;
				GCC_C_LANGUAGE_STANDARD = gnu11;
				GCC_NO_COMMON_BLOCKS = YES;
				GCC_WARN_64_TO_32_BIT_CONVERSION = YES;
				GCC_WARN_ABOUT_RETURN_TYPE = YES_ERROR;
				GCC_WARN_UNDECLARED_SELECTOR = YES;
				GCC_WARN_UNINITIALIZED_AUTOS = YES_AGGRESSIVE;
				GCC_WARN_UNUSED_FUNCTION = YES;
				GCC_WARN_UNUSED_VARIABLE = YES;
				IPHONEOS_DEPLOYMENT_TARGET = 15.2;
				MTL_ENABLE_DEBUG_INFO = NO;
				MTL_FAST_MATH = YES;
				SDKROOT = iphoneos;
				SWIFT_COMPILATION_MODE = wholemodule;
				SWIFT_OPTIMIZATION_LEVEL = "-O";
				VALIDATE_PRODUCT = YES;
			};
			name = Release;
		};
		DC65484B2869347B00F29639 /* Debug */ = {
			isa = XCBuildConfiguration;
			buildSettings = {
				ASSETCATALOG_COMPILER_APPICON_NAME = AppIcon;
				ASSETCATALOG_COMPILER_GLOBAL_ACCENT_COLOR_NAME = AccentColor;
				CODE_SIGN_STYLE = Automatic;
				CURRENT_PROJECT_VERSION = 1;
				GENERATE_INFOPLIST_FILE = YES;
				INFOPLIST_FILE = PokeAPIChallenge/Info.plist;
				INFOPLIST_KEY_UIApplicationSupportsIndirectInputEvents = YES;
				INFOPLIST_KEY_UILaunchStoryboardName = LaunchScreen;
				INFOPLIST_KEY_UISupportedInterfaceOrientations_iPad = "UIInterfaceOrientationPortrait UIInterfaceOrientationPortraitUpsideDown UIInterfaceOrientationLandscapeLeft UIInterfaceOrientationLandscapeRight";
				INFOPLIST_KEY_UISupportedInterfaceOrientations_iPhone = "UIInterfaceOrientationPortrait UIInterfaceOrientationLandscapeLeft UIInterfaceOrientationLandscapeRight";
				LD_RUNPATH_SEARCH_PATHS = (
					"$(inherited)",
					"@executable_path/Frameworks",
				);
				MARKETING_VERSION = 1.0;
				PRODUCT_BUNDLE_IDENTIFIER = pedro.PokeAPIChallenge;
				PRODUCT_NAME = "$(TARGET_NAME)";
				SWIFT_EMIT_LOC_STRINGS = YES;
				SWIFT_VERSION = 5.0;
				TARGETED_DEVICE_FAMILY = "1,2";
			};
			name = Debug;
		};
		DC65484C2869347B00F29639 /* Release */ = {
			isa = XCBuildConfiguration;
			buildSettings = {
				ASSETCATALOG_COMPILER_APPICON_NAME = AppIcon;
				ASSETCATALOG_COMPILER_GLOBAL_ACCENT_COLOR_NAME = AccentColor;
				CODE_SIGN_STYLE = Automatic;
				CURRENT_PROJECT_VERSION = 1;
				GENERATE_INFOPLIST_FILE = YES;
				INFOPLIST_FILE = PokeAPIChallenge/Info.plist;
				INFOPLIST_KEY_UIApplicationSupportsIndirectInputEvents = YES;
				INFOPLIST_KEY_UILaunchStoryboardName = LaunchScreen;
				INFOPLIST_KEY_UISupportedInterfaceOrientations_iPad = "UIInterfaceOrientationPortrait UIInterfaceOrientationPortraitUpsideDown UIInterfaceOrientationLandscapeLeft UIInterfaceOrientationLandscapeRight";
				INFOPLIST_KEY_UISupportedInterfaceOrientations_iPhone = "UIInterfaceOrientationPortrait UIInterfaceOrientationLandscapeLeft UIInterfaceOrientationLandscapeRight";
				LD_RUNPATH_SEARCH_PATHS = (
					"$(inherited)",
					"@executable_path/Frameworks",
				);
				MARKETING_VERSION = 1.0;
				PRODUCT_BUNDLE_IDENTIFIER = pedro.PokeAPIChallenge;
				PRODUCT_NAME = "$(TARGET_NAME)";
				SWIFT_EMIT_LOC_STRINGS = YES;
				SWIFT_VERSION = 5.0;
				TARGETED_DEVICE_FAMILY = "1,2";
			};
			name = Release;
		};
		DC65484E2869347B00F29639 /* Debug */ = {
			isa = XCBuildConfiguration;
			buildSettings = {
				ALWAYS_EMBED_SWIFT_STANDARD_LIBRARIES = YES;
				BUNDLE_LOADER = "$(TEST_HOST)";
				CODE_SIGN_STYLE = Automatic;
				CURRENT_PROJECT_VERSION = 1;
				GENERATE_INFOPLIST_FILE = YES;
				IPHONEOS_DEPLOYMENT_TARGET = 15.2;
				MARKETING_VERSION = 1.0;
				PRODUCT_BUNDLE_IDENTIFIER = pedro.PokeAPIChallengeTests;
				PRODUCT_NAME = "$(TARGET_NAME)";
				SWIFT_EMIT_LOC_STRINGS = NO;
				SWIFT_VERSION = 5.0;
				TARGETED_DEVICE_FAMILY = "1,2";
				TEST_HOST = "$(BUILT_PRODUCTS_DIR)/PokeAPIChallenge.app/PokeAPIChallenge";
			};
			name = Debug;
		};
		DC65484F2869347B00F29639 /* Release */ = {
			isa = XCBuildConfiguration;
			buildSettings = {
				ALWAYS_EMBED_SWIFT_STANDARD_LIBRARIES = YES;
				BUNDLE_LOADER = "$(TEST_HOST)";
				CODE_SIGN_STYLE = Automatic;
				CURRENT_PROJECT_VERSION = 1;
				GENERATE_INFOPLIST_FILE = YES;
				IPHONEOS_DEPLOYMENT_TARGET = 15.2;
				MARKETING_VERSION = 1.0;
				PRODUCT_BUNDLE_IDENTIFIER = pedro.PokeAPIChallengeTests;
				PRODUCT_NAME = "$(TARGET_NAME)";
				SWIFT_EMIT_LOC_STRINGS = NO;
				SWIFT_VERSION = 5.0;
				TARGETED_DEVICE_FAMILY = "1,2";
				TEST_HOST = "$(BUILT_PRODUCTS_DIR)/PokeAPIChallenge.app/PokeAPIChallenge";
			};
			name = Release;
		};
		DC6548512869347B00F29639 /* Debug */ = {
			isa = XCBuildConfiguration;
			buildSettings = {
				ALWAYS_EMBED_SWIFT_STANDARD_LIBRARIES = YES;
				CODE_SIGN_STYLE = Automatic;
				CURRENT_PROJECT_VERSION = 1;
				GENERATE_INFOPLIST_FILE = YES;
				MARKETING_VERSION = 1.0;
				PRODUCT_BUNDLE_IDENTIFIER = pedro.PokeAPIChallengeUITests;
				PRODUCT_NAME = "$(TARGET_NAME)";
				SWIFT_EMIT_LOC_STRINGS = NO;
				SWIFT_VERSION = 5.0;
				TARGETED_DEVICE_FAMILY = "1,2";
				TEST_TARGET_NAME = PokeAPIChallenge;
			};
			name = Debug;
		};
		DC6548522869347B00F29639 /* Release */ = {
			isa = XCBuildConfiguration;
			buildSettings = {
				ALWAYS_EMBED_SWIFT_STANDARD_LIBRARIES = YES;
				CODE_SIGN_STYLE = Automatic;
				CURRENT_PROJECT_VERSION = 1;
				GENERATE_INFOPLIST_FILE = YES;
				MARKETING_VERSION = 1.0;
				PRODUCT_BUNDLE_IDENTIFIER = pedro.PokeAPIChallengeUITests;
				PRODUCT_NAME = "$(TARGET_NAME)";
				SWIFT_EMIT_LOC_STRINGS = NO;
				SWIFT_VERSION = 5.0;
				TARGETED_DEVICE_FAMILY = "1,2";
				TEST_TARGET_NAME = PokeAPIChallenge;
			};
			name = Release;
		};
/* End XCBuildConfiguration section */

/* Begin XCConfigurationList section */
		DC65481B2869347900F29639 /* Build configuration list for PBXProject "PokeAPIChallenge" */ = {
			isa = XCConfigurationList;
			buildConfigurations = (
				DC6548482869347B00F29639 /* Debug */,
				DC6548492869347B00F29639 /* Release */,
			);
			defaultConfigurationIsVisible = 0;
			defaultConfigurationName = Release;
		};
		DC65484A2869347B00F29639 /* Build configuration list for PBXNativeTarget "PokeAPIChallenge" */ = {
			isa = XCConfigurationList;
			buildConfigurations = (
				DC65484B2869347B00F29639 /* Debug */,
				DC65484C2869347B00F29639 /* Release */,
			);
			defaultConfigurationIsVisible = 0;
			defaultConfigurationName = Release;
		};
		DC65484D2869347B00F29639 /* Build configuration list for PBXNativeTarget "PokeAPIChallengeTests" */ = {
			isa = XCConfigurationList;
			buildConfigurations = (
				DC65484E2869347B00F29639 /* Debug */,
				DC65484F2869347B00F29639 /* Release */,
			);
			defaultConfigurationIsVisible = 0;
			defaultConfigurationName = Release;
		};
		DC6548502869347B00F29639 /* Build configuration list for PBXNativeTarget "PokeAPIChallengeUITests" */ = {
			isa = XCConfigurationList;
			buildConfigurations = (
				DC6548512869347B00F29639 /* Debug */,
				DC6548522869347B00F29639 /* Release */,
			);
			defaultConfigurationIsVisible = 0;
			defaultConfigurationName = Release;
		};
/* End XCConfigurationList section */
	};
	rootObject = DC6548182869347900F29639 /* Project object */;
}
